// !$*UTF8*$!
{
	archiveVersion = 1;
	classes = {
	};
	objectVersion = 50;
	objects = {

/* Begin PBXBuildFile section */
		E5D652A5253F986900DFE595 /* AppDelegate.swift in Sources */ = {isa = PBXBuildFile; fileRef = E5D652A4253F986900DFE595 /* AppDelegate.swift */; };
		E5D652A9253F986A00DFE595 /* Assets.xcassets in Resources */ = {isa = PBXBuildFile; fileRef = E5D652A8253F986A00DFE595 /* Assets.xcassets */; };
		E5D652B6253F98B800DFE595 /* ImageService.swift in Sources */ = {isa = PBXBuildFile; fileRef = E5D652B5253F98B800DFE595 /* ImageService.swift */; };
		E5FD7EB5253FA3190007E192 /* Main.storyboard in Resources */ = {isa = PBXBuildFile; fileRef = E5FD7EB3253FA3190007E192 /* Main.storyboard */; };
		E5FD7EBB253FB0DB0007E192 /* TimeInterval+Extensions.swift in Sources */ = {isa = PBXBuildFile; fileRef = E5FD7EBA253FB0DB0007E192 /* TimeInterval+Extensions.swift */; };
/* End PBXBuildFile section */

/* Begin PBXFileReference section */
		E5D652A1253F986900DFE595 /* Bing Wallpaper.app */ = {isa = PBXFileReference; explicitFileType = wrapper.application; includeInIndex = 0; path = "Bing Wallpaper.app"; sourceTree = BUILT_PRODUCTS_DIR; };
		E5D652A4253F986900DFE595 /* AppDelegate.swift */ = {isa = PBXFileReference; lastKnownFileType = sourcecode.swift; path = AppDelegate.swift; sourceTree = "<group>"; };
		E5D652A8253F986A00DFE595 /* Assets.xcassets */ = {isa = PBXFileReference; lastKnownFileType = folder.assetcatalog; path = Assets.xcassets; sourceTree = "<group>"; };
		E5D652AD253F986A00DFE595 /* Info.plist */ = {isa = PBXFileReference; lastKnownFileType = text.plist.xml; path = Info.plist; sourceTree = "<group>"; };
		E5D652AE253F986A00DFE595 /* BingWallpaper.entitlements */ = {isa = PBXFileReference; lastKnownFileType = text.plist.entitlements; path = BingWallpaper.entitlements; sourceTree = "<group>"; };
		E5D652B5253F98B800DFE595 /* ImageService.swift */ = {isa = PBXFileReference; lastKnownFileType = sourcecode.swift; path = ImageService.swift; sourceTree = "<group>"; };
		E5FD7EB4253FA3190007E192 /* Base */ = {isa = PBXFileReference; lastKnownFileType = file.storyboard; name = Base; path = Base.lproj/Main.storyboard; sourceTree = "<group>"; };
		E5FD7EBA253FB0DB0007E192 /* TimeInterval+Extensions.swift */ = {isa = PBXFileReference; lastKnownFileType = sourcecode.swift; path = "TimeInterval+Extensions.swift"; sourceTree = "<group>"; };
/* End PBXFileReference section */

/* Begin PBXFrameworksBuildPhase section */
		E5D6529E253F986900DFE595 /* Frameworks */ = {
			isa = PBXFrameworksBuildPhase;
			buildActionMask = 2147483647;
			files = (
			);
			runOnlyForDeploymentPostprocessing = 0;
		};
/* End PBXFrameworksBuildPhase section */

/* Begin PBXGroup section */
		E5D65298253F986900DFE595 = {
			isa = PBXGroup;
			children = (
				E5D652A3253F986900DFE595 /* BingWallpaper */,
				E5D652A2253F986900DFE595 /* Products */,
			);
			sourceTree = "<group>";
		};
		E5D652A2253F986900DFE595 /* Products */ = {
			isa = PBXGroup;
			children = (
				E5D652A1253F986900DFE595 /* Bing Wallpaper.app */,
			);
			name = Products;
			sourceTree = "<group>";
		};
		E5D652A3253F986900DFE595 /* BingWallpaper */ = {
			isa = PBXGroup;
			children = (
				E5FD7EB3253FA3190007E192 /* Main.storyboard */,
				E5D652A4253F986900DFE595 /* AppDelegate.swift */,
				E5D652A8253F986A00DFE595 /* Assets.xcassets */,
				E5D652AD253F986A00DFE595 /* Info.plist */,
				E5D652AE253F986A00DFE595 /* BingWallpaper.entitlements */,
				E5D652B5253F98B800DFE595 /* ImageService.swift */,
				E5FD7EBA253FB0DB0007E192 /* TimeInterval+Extensions.swift */,
			);
			path = BingWallpaper;
			sourceTree = "<group>";
		};
/* End PBXGroup section */

/* Begin PBXNativeTarget section */
		E5D652A0253F986900DFE595 /* BingDesktop */ = {
			isa = PBXNativeTarget;
			buildConfigurationList = E5D652B1253F986A00DFE595 /* Build configuration list for PBXNativeTarget "BingDesktop" */;
			buildPhases = (
				E5D6529D253F986900DFE595 /* Sources */,
				E5D6529E253F986900DFE595 /* Frameworks */,
				E5D6529F253F986900DFE595 /* Resources */,
			);
			buildRules = (
			);
			dependencies = (
			);
			name = BingDesktop;
			productName = BingDesktop;
			productReference = E5D652A1253F986900DFE595 /* Bing Wallpaper.app */;
			productType = "com.apple.product-type.application";
		};
/* End PBXNativeTarget section */

/* Begin PBXProject section */
		E5D65299253F986900DFE595 /* Project object */ = {
			isa = PBXProject;
			attributes = {
				LastSwiftUpdateCheck = 1200;
				LastUpgradeCheck = 1200;
				TargetAttributes = {
					E5D652A0253F986900DFE595 = {
						CreatedOnToolsVersion = 12.0.1;
					};
				};
			};
			buildConfigurationList = E5D6529C253F986900DFE595 /* Build configuration list for PBXProject "BingWallpaper" */;
			compatibilityVersion = "Xcode 9.3";
			developmentRegion = en;
			hasScannedForEncodings = 0;
			knownRegions = (
				en,
				Base,
			);
			mainGroup = E5D65298253F986900DFE595;
			productRefGroup = E5D652A2253F986900DFE595 /* Products */;
			projectDirPath = "";
			projectRoot = "";
			targets = (
				E5D652A0253F986900DFE595 /* BingDesktop */,
			);
		};
/* End PBXProject section */

/* Begin PBXResourcesBuildPhase section */
		E5D6529F253F986900DFE595 /* Resources */ = {
			isa = PBXResourcesBuildPhase;
			buildActionMask = 2147483647;
			files = (
				E5D652A9253F986A00DFE595 /* Assets.xcassets in Resources */,
				E5FD7EB5253FA3190007E192 /* Main.storyboard in Resources */,
			);
			runOnlyForDeploymentPostprocessing = 0;
		};
/* End PBXResourcesBuildPhase section */

/* Begin PBXSourcesBuildPhase section */
		E5D6529D253F986900DFE595 /* Sources */ = {
			isa = PBXSourcesBuildPhase;
			buildActionMask = 2147483647;
			files = (
				E5D652A5253F986900DFE595 /* AppDelegate.swift in Sources */,
				E5FD7EBB253FB0DB0007E192 /* TimeInterval+Extensions.swift in Sources */,
				E5D652B6253F98B800DFE595 /* ImageService.swift in Sources */,
			);
			runOnlyForDeploymentPostprocessing = 0;
		};
/* End PBXSourcesBuildPhase section */

/* Begin PBXVariantGroup section */
		E5FD7EB3253FA3190007E192 /* Main.storyboard */ = {
			isa = PBXVariantGroup;
			children = (
				E5FD7EB4253FA3190007E192 /* Base */,
			);
			name = Main.storyboard;
			sourceTree = "<group>";
		};
/* End PBXVariantGroup section */

/* Begin XCBuildConfiguration section */
		E5D652AF253F986A00DFE595 /* Debug */ = {
			isa = XCBuildConfiguration;
			buildSettings = {
				ALWAYS_SEARCH_USER_PATHS = NO;
				CLANG_ANALYZER_NONNULL = YES;
				CLANG_ANALYZER_NUMBER_OBJECT_CONVERSION = YES_AGGRESSIVE;
				CLANG_CXX_LANGUAGE_STANDARD = "gnu++14";
				CLANG_CXX_LIBRARY = "libc++";
				CLANG_ENABLE_MODULES = YES;
				CLANG_ENABLE_OBJC_ARC = YES;
				CLANG_ENABLE_OBJC_WEAK = YES;
				CLANG_WARN_BLOCK_CAPTURE_AUTORELEASING = YES;
				CLANG_WARN_BOOL_CONVERSION = YES;
				CLANG_WARN_COMMA = YES;
				CLANG_WARN_CONSTANT_CONVERSION = YES;
				CLANG_WARN_DEPRECATED_OBJC_IMPLEMENTATIONS = YES;
				CLANG_WARN_DIRECT_OBJC_ISA_USAGE = YES_ERROR;
				CLANG_WARN_DOCUMENTATION_COMMENTS = YES;
				CLANG_WARN_EMPTY_BODY = YES;
				CLANG_WARN_ENUM_CONVERSION = YES;
				CLANG_WARN_INFINITE_RECURSION = YES;
				CLANG_WARN_INT_CONVERSION = YES;
				CLANG_WARN_NON_LITERAL_NULL_CONVERSION = YES;
				CLANG_WARN_OBJC_IMPLICIT_RETAIN_SELF = YES;
				CLANG_WARN_OBJC_LITERAL_CONVERSION = YES;
				CLANG_WARN_OBJC_ROOT_CLASS = YES_ERROR;
				CLANG_WARN_QUOTED_INCLUDE_IN_FRAMEWORK_HEADER = YES;
				CLANG_WARN_RANGE_LOOP_ANALYSIS = YES;
				CLANG_WARN_STRICT_PROTOTYPES = YES;
				CLANG_WARN_SUSPICIOUS_MOVE = YES;
				CLANG_WARN_UNGUARDED_AVAILABILITY = YES_AGGRESSIVE;
				CLANG_WARN_UNREACHABLE_CODE = YES;
				CLANG_WARN__DUPLICATE_METHOD_MATCH = YES;
				COPY_PHASE_STRIP = NO;
				DEBUG_INFORMATION_FORMAT = dwarf;
				ENABLE_STRICT_OBJC_MSGSEND = YES;
				ENABLE_TESTABILITY = YES;
				GCC_C_LANGUAGE_STANDARD = gnu11;
				GCC_DYNAMIC_NO_PIC = NO;
				GCC_NO_COMMON_BLOCKS = YES;
				GCC_OPTIMIZATION_LEVEL = 0;
				GCC_PREPROCESSOR_DEFINITIONS = (
					"DEBUG=1",
					"$(inherited)",
				);
				GCC_WARN_64_TO_32_BIT_CONVERSION = YES;
				GCC_WARN_ABOUT_RETURN_TYPE = YES_ERROR;
				GCC_WARN_UNDECLARED_SELECTOR = YES;
				GCC_WARN_UNINITIALIZED_AUTOS = YES_AGGRESSIVE;
				GCC_WARN_UNUSED_FUNCTION = YES;
				GCC_WARN_UNUSED_VARIABLE = YES;
				MACOSX_DEPLOYMENT_TARGET = 10.15;
				MTL_ENABLE_DEBUG_INFO = INCLUDE_SOURCE;
				MTL_FAST_MATH = YES;
				ONLY_ACTIVE_ARCH = YES;
				SDKROOT = macosx;
				SWIFT_ACTIVE_COMPILATION_CONDITIONS = DEBUG;
				SWIFT_OPTIMIZATION_LEVEL = "-Onone";
			};
			name = Debug;
		};
		E5D652B0253F986A00DFE595 /* Release */ = {
			isa = XCBuildConfiguration;
			buildSettings = {
				ALWAYS_SEARCH_USER_PATHS = NO;
				CLANG_ANALYZER_NONNULL = YES;
				CLANG_ANALYZER_NUMBER_OBJECT_CONVERSION = YES_AGGRESSIVE;
				CLANG_CXX_LANGUAGE_STANDARD = "gnu++14";
				CLANG_CXX_LIBRARY = "libc++";
				CLANG_ENABLE_MODULES = YES;
				CLANG_ENABLE_OBJC_ARC = YES;
				CLANG_ENABLE_OBJC_WEAK = YES;
				CLANG_WARN_BLOCK_CAPTURE_AUTORELEASING = YES;
				CLANG_WARN_BOOL_CONVERSION = YES;
				CLANG_WARN_COMMA = YES;
				CLANG_WARN_CONSTANT_CONVERSION = YES;
				CLANG_WARN_DEPRECATED_OBJC_IMPLEMENTATIONS = YES;
				CLANG_WARN_DIRECT_OBJC_ISA_USAGE = YES_ERROR;
				CLANG_WARN_DOCUMENTATION_COMMENTS = YES;
				CLANG_WARN_EMPTY_BODY = YES;
				CLANG_WARN_ENUM_CONVERSION = YES;
				CLANG_WARN_INFINITE_RECURSION = YES;
				CLANG_WARN_INT_CONVERSION = YES;
				CLANG_WARN_NON_LITERAL_NULL_CONVERSION = YES;
				CLANG_WARN_OBJC_IMPLICIT_RETAIN_SELF = YES;
				CLANG_WARN_OBJC_LITERAL_CONVERSION = YES;
				CLANG_WARN_OBJC_ROOT_CLASS = YES_ERROR;
				CLANG_WARN_QUOTED_INCLUDE_IN_FRAMEWORK_HEADER = YES;
				CLANG_WARN_RANGE_LOOP_ANALYSIS = YES;
				CLANG_WARN_STRICT_PROTOTYPES = YES;
				CLANG_WARN_SUSPICIOUS_MOVE = YES;
				CLANG_WARN_UNGUARDED_AVAILABILITY = YES_AGGRESSIVE;
				CLANG_WARN_UNREACHABLE_CODE = YES;
				CLANG_WARN__DUPLICATE_METHOD_MATCH = YES;
				COPY_PHASE_STRIP = NO;
				DEBUG_INFORMATION_FORMAT = "dwarf-with-dsym";
				ENABLE_NS_ASSERTIONS = NO;
				ENABLE_STRICT_OBJC_MSGSEND = YES;
				GCC_C_LANGUAGE_STANDARD = gnu11;
				GCC_NO_COMMON_BLOCKS = YES;
				GCC_WARN_64_TO_32_BIT_CONVERSION = YES;
				GCC_WARN_ABOUT_RETURN_TYPE = YES_ERROR;
				GCC_WARN_UNDECLARED_SELECTOR = YES;
				GCC_WARN_UNINITIALIZED_AUTOS = YES_AGGRESSIVE;
				GCC_WARN_UNUSED_FUNCTION = YES;
				GCC_WARN_UNUSED_VARIABLE = YES;
				MACOSX_DEPLOYMENT_TARGET = 10.15;
				MTL_ENABLE_DEBUG_INFO = NO;
				MTL_FAST_MATH = YES;
				SDKROOT = macosx;
				SWIFT_COMPILATION_MODE = wholemodule;
				SWIFT_OPTIMIZATION_LEVEL = "-O";
			};
			name = Release;
		};
		E5D652B2253F986A00DFE595 /* Debug */ = {
			isa = XCBuildConfiguration;
			buildSettings = {
				ASSETCATALOG_COMPILER_APPICON_NAME = AppIcon;
				ASSETCATALOG_COMPILER_GLOBAL_ACCENT_COLOR_NAME = AccentColor;
				CODE_SIGN_ENTITLEMENTS = BingWallpaper/BingWallpaper.entitlements;
				CODE_SIGN_STYLE = Automatic;
				COMBINE_HIDPI_IMAGES = YES;
				DEVELOPMENT_TEAM = 7642JV7JR2;
				ENABLE_HARDENED_RUNTIME = YES;
				INFOPLIST_FILE = BingWallpaper/Info.plist;
				LD_RUNPATH_SEARCH_PATHS = (
					"$(inherited)",
					"@executable_path/../Frameworks",
				);
				PRODUCT_BUNDLE_IDENTIFIER = com.clajun.BingWallpaper;
				PRODUCT_NAME = "Bing Wallpaper";
				SWIFT_VERSION = 5.0;
			};
			name = Debug;
		};
		E5D652B3253F986A00DFE595 /* Release */ = {
			isa = XCBuildConfiguration;
			buildSettings = {
				ASSETCATALOG_COMPILER_APPICON_NAME = AppIcon;
				ASSETCATALOG_COMPILER_GLOBAL_ACCENT_COLOR_NAME = AccentColor;
				CODE_SIGN_ENTITLEMENTS = BingWallpaper/BingWallpaper.entitlements;
				CODE_SIGN_STYLE = Automatic;
				COMBINE_HIDPI_IMAGES = YES;
				DEVELOPMENT_TEAM = 7642JV7JR2;
				ENABLE_HARDENED_RUNTIME = YES;
				INFOPLIST_FILE = BingWallpaper/Info.plist;
				LD_RUNPATH_SEARCH_PATHS = (
					"$(inherited)",
					"@executable_path/../Frameworks",
				);
				PRODUCT_BUNDLE_IDENTIFIER = com.clajun.BingWallpaper;
				PRODUCT_NAME = "Bing Wallpaper";
				SWIFT_VERSION = 5.0;
			};
			name = Release;
		};
/* End XCBuildConfiguration section */

/* Begin XCConfigurationList section */
		E5D6529C253F986900DFE595 /* Build configuration list for PBXProject "BingWallpaper" */ = {
			isa = XCConfigurationList;
			buildConfigurations = (
				E5D652AF253F986A00DFE595 /* Debug */,
				E5D652B0253F986A00DFE595 /* Release */,
			);
			defaultConfigurationIsVisible = 0;
			defaultConfigurationName = Release;
		};
		E5D652B1253F986A00DFE595 /* Build configuration list for PBXNativeTarget "BingDesktop" */ = {
			isa = XCConfigurationList;
			buildConfigurations = (
				E5D652B2253F986A00DFE595 /* Debug */,
				E5D652B3253F986A00DFE595 /* Release */,
			);
			defaultConfigurationIsVisible = 0;
			defaultConfigurationName = Release;
		};
/* End XCConfigurationList section */
	};
	rootObject = E5D65299253F986900DFE595 /* Project object */;
}
